// !$*UTF8*$!
{
	archiveVersion = 1;
	classes = {
	};
	objectVersion = 46;
	objects = {

/* Begin PBXBuildFile section */
		043BB01C1EABBE180059FB79 /* AppDelegate.swift in Sources */ = {isa = PBXBuildFile; fileRef = 043BB01B1EABBE180059FB79 /* AppDelegate.swift */; };
		043BB01E1EABBE180059FB79 /* ViewController.swift in Sources */ = {isa = PBXBuildFile; fileRef = 043BB01D1EABBE180059FB79 /* ViewController.swift */; };
		043BB0211EABBE180059FB79 /* Main.storyboard in Resources */ = {isa = PBXBuildFile; fileRef = 043BB01F1EABBE180059FB79 /* Main.storyboard */; };
		043BB0231EABBE180059FB79 /* Assets.xcassets in Resources */ = {isa = PBXBuildFile; fileRef = 043BB0221EABBE180059FB79 /* Assets.xcassets */; };
		043BB0261EABBE180059FB79 /* LaunchScreen.storyboard in Resources */ = {isa = PBXBuildFile; fileRef = 043BB0241EABBE180059FB79 /* LaunchScreen.storyboard */; };
		043BB02E1EABBE620059FB79 /* Config.swift in Sources */ = {isa = PBXBuildFile; fileRef = 043BB02D1EABBE620059FB79 /* Config.swift */; };
		043BB0321EABC6610059FB79 /* Alamofire.framework in Frameworks */ = {isa = PBXBuildFile; fileRef = 043BB0301EABC6550059FB79 /* Alamofire.framework */; };
		043BB0331EABC6610059FB79 /* Alamofire.framework in Embed Frameworks */ = {isa = PBXBuildFile; fileRef = 043BB0301EABC6550059FB79 /* Alamofire.framework */; settings = {ATTRIBUTES = (CodeSignOnCopy, RemoveHeadersOnCopy, ); }; };
		043DEBBF1EB5BB2E00DA2135 /* FollowersViewController.swift in Sources */ = {isa = PBXBuildFile; fileRef = 043DEBBE1EB5BB2E00DA2135 /* FollowersViewController.swift */; };
		043DEBC11EB5BBF800DA2135 /* FollowerCell.swift in Sources */ = {isa = PBXBuildFile; fileRef = 043DEBC01EB5BBF800DA2135 /* FollowerCell.swift */; };
		043DEBC31EB5BE8C00DA2135 /* UserProfile.swift in Sources */ = {isa = PBXBuildFile; fileRef = 043DEBC21EB5BE8C00DA2135 /* UserProfile.swift */; };
		043DEBC61EB5C2F900DA2135 /* Mapper.framework in Frameworks */ = {isa = PBXBuildFile; fileRef = 043DEBC41EB5C2F200DA2135 /* Mapper.framework */; };
		043DEBC71EB5C2F900DA2135 /* Mapper.framework in Embed Frameworks */ = {isa = PBXBuildFile; fileRef = 043DEBC41EB5C2F200DA2135 /* Mapper.framework */; settings = {ATTRIBUTES = (CodeSignOnCopy, RemoveHeadersOnCopy, ); }; };
		043DEBC91EB5C71800DA2135 /* AlamofireImage.framework in Frameworks */ = {isa = PBXBuildFile; fileRef = 043DEBC81EB5C71800DA2135 /* AlamofireImage.framework */; };
		043DEBCA1EB5C72000DA2135 /* AlamofireImage.framework in Frameworks */ = {isa = PBXBuildFile; fileRef = 043DEBC81EB5C71800DA2135 /* AlamofireImage.framework */; };
		043DEBCB1EB5C72000DA2135 /* AlamofireImage.framework in Embed Frameworks */ = {isa = PBXBuildFile; fileRef = 043DEBC81EB5C71800DA2135 /* AlamofireImage.framework */; settings = {ATTRIBUTES = (CodeSignOnCopy, RemoveHeadersOnCopy, ); }; };
/* End PBXBuildFile section */

/* Begin PBXCopyFilesBuildPhase section */
		043BB0341EABC6610059FB79 /* Embed Frameworks */ = {
			isa = PBXCopyFilesBuildPhase;
			buildActionMask = 2147483647;
			dstPath = "";
			dstSubfolderSpec = 10;
			files = (
				043DEBCB1EB5C72000DA2135 /* AlamofireImage.framework in Embed Frameworks */,
				043BB0331EABC6610059FB79 /* Alamofire.framework in Embed Frameworks */,
				043DEBC71EB5C2F900DA2135 /* Mapper.framework in Embed Frameworks */,
			);
			name = "Embed Frameworks";
			runOnlyForDeploymentPostprocessing = 0;
		};
/* End PBXCopyFilesBuildPhase section */

/* Begin PBXFileReference section */
		043BB0181EABBE180059FB79 /* InstagramClient.app */ = {isa = PBXFileReference; explicitFileType = wrapper.application; includeInIndex = 0; path = InstagramClient.app; sourceTree = BUILT_PRODUCTS_DIR; };
		043BB01B1EABBE180059FB79 /* AppDelegate.swift */ = {isa = PBXFileReference; lastKnownFileType = sourcecode.swift; path = AppDelegate.swift; sourceTree = "<group>"; };
		043BB01D1EABBE180059FB79 /* ViewController.swift */ = {isa = PBXFileReference; lastKnownFileType = sourcecode.swift; path = ViewController.swift; sourceTree = "<group>"; };
		043BB0201EABBE180059FB79 /* Base */ = {isa = PBXFileReference; lastKnownFileType = file.storyboard; name = Base; path = Base.lproj/Main.storyboard; sourceTree = "<group>"; };
		043BB0221EABBE180059FB79 /* Assets.xcassets */ = {isa = PBXFileReference; lastKnownFileType = folder.assetcatalog; path = Assets.xcassets; sourceTree = "<group>"; };
		043BB0251EABBE180059FB79 /* Base */ = {isa = PBXFileReference; lastKnownFileType = file.storyboard; name = Base; path = Base.lproj/LaunchScreen.storyboard; sourceTree = "<group>"; };
		043BB0271EABBE180059FB79 /* Info.plist */ = {isa = PBXFileReference; lastKnownFileType = text.plist.xml; path = Info.plist; sourceTree = "<group>"; };
		043BB02D1EABBE620059FB79 /* Config.swift */ = {isa = PBXFileReference; fileEncoding = 4; lastKnownFileType = sourcecode.swift; path = Config.swift; sourceTree = "<group>"; };
		043BB0301EABC6550059FB79 /* Alamofire.framework */ = {isa = PBXFileReference; lastKnownFileType = wrapper.framework; path = Alamofire.framework; sourceTree = "<group>"; };
		043DEBBE1EB5BB2E00DA2135 /* FollowersViewController.swift */ = {isa = PBXFileReference; fileEncoding = 4; lastKnownFileType = sourcecode.swift; path = FollowersViewController.swift; sourceTree = "<group>"; };
		043DEBC01EB5BBF800DA2135 /* FollowerCell.swift */ = {isa = PBXFileReference; fileEncoding = 4; lastKnownFileType = sourcecode.swift; path = FollowerCell.swift; sourceTree = "<group>"; };
		043DEBC21EB5BE8C00DA2135 /* UserProfile.swift */ = {isa = PBXFileReference; fileEncoding = 4; lastKnownFileType = sourcecode.swift; path = UserProfile.swift; sourceTree = "<group>"; };
		043DEBC41EB5C2F200DA2135 /* Mapper.framework */ = {isa = PBXFileReference; lastKnownFileType = wrapper.framework; path = Mapper.framework; sourceTree = "<group>"; };
		043DEBC81EB5C71800DA2135 /* AlamofireImage.framework */ = {isa = PBXFileReference; lastKnownFileType = wrapper.framework; path = AlamofireImage.framework; sourceTree = "<group>"; };
/* End PBXFileReference section */

/* Begin PBXFrameworksBuildPhase section */
		043BB0151EABBE180059FB79 /* Frameworks */ = {
			isa = PBXFrameworksBuildPhase;
			buildActionMask = 2147483647;
			files = (
				043DEBC91EB5C71800DA2135 /* AlamofireImage.framework in Frameworks */,
				043BB0321EABC6610059FB79 /* Alamofire.framework in Frameworks */,
				043DEBC61EB5C2F900DA2135 /* Mapper.framework in Frameworks */,
				043DEBCA1EB5C72000DA2135 /* AlamofireImage.framework in Frameworks */,
			);
			runOnlyForDeploymentPostprocessing = 0;
		};
/* End PBXFrameworksBuildPhase section */

/* Begin PBXGroup section */
		043BB00F1EABBE180059FB79 = {
			isa = PBXGroup;
			children = (
				043BB01A1EABBE180059FB79 /* InstagramClient */,
				043BB02F1EABC6340059FB79 /* Frameworks */,
				043BB0191EABBE180059FB79 /* Products */,
			);
			sourceTree = "<group>";
		};
		043BB0191EABBE180059FB79 /* Products */ = {
			isa = PBXGroup;
			children = (
				043BB0181EABBE180059FB79 /* InstagramClient.app */,
			);
			name = Products;
			sourceTree = "<group>";
		};
		043BB01A1EABBE180059FB79 /* InstagramClient */ = {
			isa = PBXGroup;
			children = (
				043BB02D1EABBE620059FB79 /* Config.swift */,
				043BB01B1EABBE180059FB79 /* AppDelegate.swift */,
				04757C361EB5FFD00049E157 /* ViewControllers */,
				043BB01F1EABBE180059FB79 /* Main.storyboard */,
				043BB0221EABBE180059FB79 /* Assets.xcassets */,
				043BB0241EABBE180059FB79 /* LaunchScreen.storyboard */,
				043BB0271EABBE180059FB79 /* Info.plist */,
				04757C371EB5FFE20049E157 /* Views */,
				04757C381EB5FFF20049E157 /* Models */,
			);
			path = InstagramClient;
			sourceTree = "<group>";
		};
		043BB02F1EABC6340059FB79 /* Frameworks */ = {
			isa = PBXGroup;
			children = (
				043DEBC81EB5C71800DA2135 /* AlamofireImage.framework */,
				043DEBC41EB5C2F200DA2135 /* Mapper.framework */,
				043BB0301EABC6550059FB79 /* Alamofire.framework */,
			);
			path = Frameworks;
			sourceTree = "<group>";
		};
		04757C361EB5FFD00049E157 /* ViewControllers */ = {
			isa = PBXGroup;
			children = (
				043BB01D1EABBE180059FB79 /* ViewController.swift */,
				043DEBBE1EB5BB2E00DA2135 /* FollowersViewController.swift */,
			);
			name = ViewControllers;
			sourceTree = "<group>";
		};
		04757C371EB5FFE20049E157 /* Views */ = {
			isa = PBXGroup;
			children = (
				043DEBC01EB5BBF800DA2135 /* FollowerCell.swift */,
			);
			name = Views;
			sourceTree = "<group>";
		};
		04757C381EB5FFF20049E157 /* Models */ = {
			isa = PBXGroup;
			children = (
				043DEBC21EB5BE8C00DA2135 /* UserProfile.swift */,
			);
			name = Models;
			sourceTree = "<group>";
		};
/* End PBXGroup section */

/* Begin PBXNativeTarget section */
		043BB0171EABBE180059FB79 /* InstagramClient */ = {
			isa = PBXNativeTarget;
			buildConfigurationList = 043BB02A1EABBE180059FB79 /* Build configuration list for PBXNativeTarget "InstagramClient" */;
			buildPhases = (
				043BB0141EABBE180059FB79 /* Sources */,
				043BB0151EABBE180059FB79 /* Frameworks */,
				043BB0161EABBE180059FB79 /* Resources */,
				043BB0341EABC6610059FB79 /* Embed Frameworks */,
			);
			buildRules = (
			);
			dependencies = (
			);
			name = InstagramClient;
			productName = InstagramClient;
			productReference = 043BB0181EABBE180059FB79 /* InstagramClient.app */;
			productType = "com.apple.product-type.application";
		};
/* End PBXNativeTarget section */

/* Begin PBXProject section */
		043BB0101EABBE180059FB79 /* Project object */ = {
			isa = PBXProject;
			attributes = {
				LastSwiftUpdateCheck = 0830;
				LastUpgradeCheck = 0830;
				ORGANIZATIONNAME = "Thien Chu";
				TargetAttributes = {
					043BB0171EABBE180059FB79 = {
						CreatedOnToolsVersion = 8.3.2;
						ProvisioningStyle = Automatic;
					};
				};
			};
			buildConfigurationList = 043BB0131EABBE180059FB79 /* Build configuration list for PBXProject "InstagramClient" */;
			compatibilityVersion = "Xcode 3.2";
			developmentRegion = English;
			hasScannedForEncodings = 0;
			knownRegions = (
				en,
				Base,
			);
			mainGroup = 043BB00F1EABBE180059FB79;
			productRefGroup = 043BB0191EABBE180059FB79 /* Products */;
			projectDirPath = "";
			projectRoot = "";
			targets = (
				043BB0171EABBE180059FB79 /* InstagramClient */,
			);
		};
/* End PBXProject section */

/* Begin PBXResourcesBuildPhase section */
		043BB0161EABBE180059FB79 /* Resources */ = {
			isa = PBXResourcesBuildPhase;
			buildActionMask = 2147483647;
			files = (
				043BB0261EABBE180059FB79 /* LaunchScreen.storyboard in Resources */,
				043BB0231EABBE180059FB79 /* Assets.xcassets in Resources */,
				043BB0211EABBE180059FB79 /* Main.storyboard in Resources */,
			);
			runOnlyForDeploymentPostprocessing = 0;
		};
/* End PBXResourcesBuildPhase section */

/* Begin PBXSourcesBuildPhase section */
		043BB0141EABBE180059FB79 /* Sources */ = {
			isa = PBXSourcesBuildPhase;
			buildActionMask = 2147483647;
			files = (
				043DEBBF1EB5BB2E00DA2135 /* FollowersViewController.swift in Sources */,
				043BB01E1EABBE180059FB79 /* ViewController.swift in Sources */,
				043DEBC31EB5BE8C00DA2135 /* UserProfile.swift in Sources */,
				043DEBC11EB5BBF800DA2135 /* FollowerCell.swift in Sources */,
				043BB01C1EABBE180059FB79 /* AppDelegate.swift in Sources */,
				043BB02E1EABBE620059FB79 /* Config.swift in Sources */,
			);
			runOnlyForDeploymentPostprocessing = 0;
		};
/* End PBXSourcesBuildPhase section */

/* Begin PBXVariantGroup section */
		043BB01F1EABBE180059FB79 /* Main.storyboard */ = {
			isa = PBXVariantGroup;
			children = (
				043BB0201EABBE180059FB79 /* Base */,
			);
			name = Main.storyboard;
			sourceTree = "<group>";
		};
		043BB0241EABBE180059FB79 /* LaunchScreen.storyboard */ = {
			isa = PBXVariantGroup;
			children = (
				043BB0251EABBE180059FB79 /* Base */,
			);
			name = LaunchScreen.storyboard;
			sourceTree = "<group>";
		};
/* End PBXVariantGroup section */

/* Begin XCBuildConfiguration section */
		043BB0281EABBE180059FB79 /* Debug */ = {
			isa = XCBuildConfiguration;
			buildSettings = {
				ALWAYS_SEARCH_USER_PATHS = NO;
				CLANG_ANALYZER_NONNULL = YES;
				CLANG_ANALYZER_NUMBER_OBJECT_CONVERSION = YES_AGGRESSIVE;
				CLANG_CXX_LANGUAGE_STANDARD = "gnu++0x";
				CLANG_CXX_LIBRARY = "libc++";
				CLANG_ENABLE_MODULES = YES;
				CLANG_ENABLE_OBJC_ARC = YES;
				CLANG_WARN_BOOL_CONVERSION = YES;
				CLANG_WARN_CONSTANT_CONVERSION = YES;
				CLANG_WARN_DIRECT_OBJC_ISA_USAGE = YES_ERROR;
				CLANG_WARN_DOCUMENTATION_COMMENTS = YES;
				CLANG_WARN_EMPTY_BODY = YES;
				CLANG_WARN_ENUM_CONVERSION = YES;
				CLANG_WARN_INFINITE_RECURSION = YES;
				CLANG_WARN_INT_CONVERSION = YES;
				CLANG_WARN_OBJC_ROOT_CLASS = YES_ERROR;
				CLANG_WARN_SUSPICIOUS_MOVE = YES;
				CLANG_WARN_UNREACHABLE_CODE = YES;
				CLANG_WARN__DUPLICATE_METHOD_MATCH = YES;
				"CODE_SIGN_IDENTITY[sdk=iphoneos*]" = "iPhone Developer";
				COPY_PHASE_STRIP = NO;
				DEBUG_INFORMATION_FORMAT = dwarf;
				ENABLE_STRICT_OBJC_MSGSEND = YES;
				ENABLE_TESTABILITY = YES;
				GCC_C_LANGUAGE_STANDARD = gnu99;
				GCC_DYNAMIC_NO_PIC = NO;
				GCC_NO_COMMON_BLOCKS = YES;
				GCC_OPTIMIZATION_LEVEL = 0;
				GCC_PREPROCESSOR_DEFINITIONS = (
					"DEBUG=1",
					"$(inherited)",
				);
				GCC_WARN_64_TO_32_BIT_CONVERSION = YES;
				GCC_WARN_ABOUT_RETURN_TYPE = YES_ERROR;
				GCC_WARN_UNDECLARED_SELECTOR = YES;
				GCC_WARN_UNINITIALIZED_AUTOS = YES_AGGRESSIVE;
				GCC_WARN_UNUSED_FUNCTION = YES;
				GCC_WARN_UNUSED_VARIABLE = YES;
				IPHONEOS_DEPLOYMENT_TARGET = 10.3;
				MTL_ENABLE_DEBUG_INFO = YES;
				ONLY_ACTIVE_ARCH = YES;
				SDKROOT = iphoneos;
				SWIFT_ACTIVE_COMPILATION_CONDITIONS = DEBUG;
				SWIFT_OPTIMIZATION_LEVEL = "-Onone";
			};
			name = Debug;
		};
		043BB0291EABBE180059FB79 /* Release */ = {
			isa = XCBuildConfiguration;
			buildSettings = {
				ALWAYS_SEARCH_USER_PATHS = NO;
				CLANG_ANALYZER_NONNULL = YES;
				CLANG_ANALYZER_NUMBER_OBJECT_CONVERSION = YES_AGGRESSIVE;
				CLANG_CXX_LANGUAGE_STANDARD = "gnu++0x";
				CLANG_CXX_LIBRARY = "libc++";
				CLANG_ENABLE_MODULES = YES;
				CLANG_ENABLE_OBJC_ARC = YES;
				CLANG_WARN_BOOL_CONVERSION = YES;
				CLANG_WARN_CONSTANT_CONVERSION = YES;
				CLANG_WARN_DIRECT_OBJC_ISA_USAGE = YES_ERROR;
				CLANG_WARN_DOCUMENTATION_COMMENTS = YES;
				CLANG_WARN_EMPTY_BODY = YES;
				CLANG_WARN_ENUM_CONVERSION = YES;
				CLANG_WARN_INFINITE_RECURSION = YES;
				CLANG_WARN_INT_CONVERSION = YES;
				CLANG_WARN_OBJC_ROOT_CLASS = YES_ERROR;
				CLANG_WARN_SUSPICIOUS_MOVE = YES;
				CLANG_WARN_UNREACHABLE_CODE = YES;
				CLANG_WARN__DUPLICATE_METHOD_MATCH = YES;
				"CODE_SIGN_IDENTITY[sdk=iphoneos*]" = "iPhone Developer";
				COPY_PHASE_STRIP = NO;
				DEBUG_INFORMATION_FORMAT = "dwarf-with-dsym";
				ENABLE_NS_ASSERTIONS = NO;
				ENABLE_STRICT_OBJC_MSGSEND = YES;
				GCC_C_LANGUAGE_STANDARD = gnu99;
				GCC_NO_COMMON_BLOCKS = YES;
				GCC_WARN_64_TO_32_BIT_CONVERSION = YES;
				GCC_WARN_ABOUT_RETURN_TYPE = YES_ERROR;
				GCC_WARN_UNDECLARED_SELECTOR = YES;
				GCC_WARN_UNINITIALIZED_AUTOS = YES_AGGRESSIVE;
				GCC_WARN_UNUSED_FUNCTION = YES;
				GCC_WARN_UNUSED_VARIABLE = YES;
				IPHONEOS_DEPLOYMENT_TARGET = 10.3;
				MTL_ENABLE_DEBUG_INFO = NO;
				SDKROOT = iphoneos;
				SWIFT_OPTIMIZATION_LEVEL = "-Owholemodule";
				VALIDATE_PRODUCT = YES;
			};
			name = Release;
		};
		043BB02B1EABBE180059FB79 /* Debug */ = {
			isa = XCBuildConfiguration;
			buildSettings = {
				ASSETCATALOG_COMPILER_APPICON_NAME = AppIcon;
				FRAMEWORK_SEARCH_PATHS = (
					"$(inherited)",
					"$(PROJECT_DIR)/Frameworks",
				);
				INFOPLIST_FILE = InstagramClient/Info.plist;
				LD_RUNPATH_SEARCH_PATHS = "$(inherited) @executable_path/Frameworks";
				PRODUCT_BUNDLE_IDENTIFIER = com.home.cqthien.InstagramClient;
				PRODUCT_NAME = "$(TARGET_NAME)";
				SWIFT_VERSION = 3.0;
			};
			name = Debug;
		};
		043BB02C1EABBE180059FB79 /* Release */ = {
			isa = XCBuildConfiguration;
			buildSettings = {
				ASSETCATALOG_COMPILER_APPICON_NAME = AppIcon;
				FRAMEWORK_SEARCH_PATHS = (
					"$(inherited)",
					"$(PROJECT_DIR)/Frameworks",
				);
				INFOPLIST_FILE = InstagramClient/Info.plist;
				LD_RUNPATH_SEARCH_PATHS = "$(inherited) @executable_path/Frameworks";
				PRODUCT_BUNDLE_IDENTIFIER = com.home.cqthien.InstagramClient;
				PRODUCT_NAME = "$(TARGET_NAME)";
				SWIFT_VERSION = 3.0;
			};
			name = Release;
		};
/* End XCBuildConfiguration section */

/* Begin XCConfigurationList section */
		043BB0131EABBE180059FB79 /* Build configuration list for PBXProject "InstagramClient" */ = {
			isa = XCConfigurationList;
			buildConfigurations = (
				043BB0281EABBE180059FB79 /* Debug */,
				043BB0291EABBE180059FB79 /* Release */,
			);
			defaultConfigurationIsVisible = 0;
			defaultConfigurationName = Release;
		};
		043BB02A1EABBE180059FB79 /* Build configuration list for PBXNativeTarget "InstagramClient" */ = {
			isa = XCConfigurationList;
			buildConfigurations = (
				043BB02B1EABBE180059FB79 /* Debug */,
				043BB02C1EABBE180059FB79 /* Release */,
			);
			defaultConfigurationIsVisible = 0;
			defaultConfigurationName = Release;
		};
/* End XCConfigurationList section */
	};
	rootObject = 043BB0101EABBE180059FB79 /* Project object */;
}
